// !$*UTF8*$!
{
	archiveVersion = 1;
	classes = {
	};
	objectVersion = 51;
	objects = {

/* Begin PBXBuildFile section */
		4A307E75AAB1B226966CE1E1 /* Pods_Employ_Me.framework in Frameworks */ = {isa = PBXBuildFile; fileRef = D196F05601E841CE4CA57211 /* Pods_Employ_Me.framework */; };
		6321FD7624344A73007544DB /* AppDelegate.swift in Sources */ = {isa = PBXBuildFile; fileRef = 6321FD7524344A73007544DB /* AppDelegate.swift */; };
		6321FD7C24344A76007544DB /* Assets.xcassets in Resources */ = {isa = PBXBuildFile; fileRef = 6321FD7B24344A76007544DB /* Assets.xcassets */; };
		6321FD7F24344A76007544DB /* Preview Assets.xcassets in Resources */ = {isa = PBXBuildFile; fileRef = 6321FD7E24344A76007544DB /* Preview Assets.xcassets */; };
		6321FD8224344A76007544DB /* LaunchScreen.storyboard in Resources */ = {isa = PBXBuildFile; fileRef = 6321FD8024344A76007544DB /* LaunchScreen.storyboard */; };
		6321FD8A24344C22007544DB /* Job.swift in Sources */ = {isa = PBXBuildFile; fileRef = 6321FD8924344C22007544DB /* Job.swift */; };
		6321FD8C24344C38007544DB /* JobCollectionViewCell.swift in Sources */ = {isa = PBXBuildFile; fileRef = 6321FD8B24344C38007544DB /* JobCollectionViewCell.swift */; };
		6321FD8E24344C55007544DB /* ViewController.swift in Sources */ = {isa = PBXBuildFile; fileRef = 6321FD8D24344C55007544DB /* ViewController.swift */; };
		6321FD9024344C60007544DB /* DetailsViewController.swift in Sources */ = {isa = PBXBuildFile; fileRef = 6321FD8F24344C60007544DB /* DetailsViewController.swift */; };
		6321FD9224344C71007544DB /* AddJobViewController.swift in Sources */ = {isa = PBXBuildFile; fileRef = 6321FD9124344C71007544DB /* AddJobViewController.swift */; };
		63F373AB247376DF00526016 /* NetworkManager.swift in Sources */ = {isa = PBXBuildFile; fileRef = 63F373AA247376DF00526016 /* NetworkManager.swift */; };
/* End PBXBuildFile section */

/* Begin PBXFileReference section */
		46E13A65069200C46A6DF07E /* Pods-Employ-Me.release.xcconfig */ = {isa = PBXFileReference; includeInIndex = 1; lastKnownFileType = text.xcconfig; name = "Pods-Employ-Me.release.xcconfig"; path = "Target Support Files/Pods-Employ-Me/Pods-Employ-Me.release.xcconfig"; sourceTree = "<group>"; };
		6321FD7224344A73007544DB /* Employ-Me.app */ = {isa = PBXFileReference; explicitFileType = wrapper.application; includeInIndex = 0; path = "Employ-Me.app"; sourceTree = BUILT_PRODUCTS_DIR; };
		6321FD7524344A73007544DB /* AppDelegate.swift */ = {isa = PBXFileReference; lastKnownFileType = sourcecode.swift; path = AppDelegate.swift; sourceTree = "<group>"; };
		6321FD7B24344A76007544DB /* Assets.xcassets */ = {isa = PBXFileReference; lastKnownFileType = folder.assetcatalog; path = Assets.xcassets; sourceTree = "<group>"; };
		6321FD7E24344A76007544DB /* Preview Assets.xcassets */ = {isa = PBXFileReference; lastKnownFileType = folder.assetcatalog; path = "Preview Assets.xcassets"; sourceTree = "<group>"; };
		6321FD8124344A76007544DB /* Base */ = {isa = PBXFileReference; lastKnownFileType = file.storyboard; name = Base; path = Base.lproj/LaunchScreen.storyboard; sourceTree = "<group>"; };
		6321FD8324344A76007544DB /* Info.plist */ = {isa = PBXFileReference; lastKnownFileType = text.plist.xml; path = Info.plist; sourceTree = "<group>"; };
		6321FD8924344C22007544DB /* Job.swift */ = {isa = PBXFileReference; lastKnownFileType = sourcecode.swift; path = Job.swift; sourceTree = "<group>"; };
		6321FD8B24344C38007544DB /* JobCollectionViewCell.swift */ = {isa = PBXFileReference; lastKnownFileType = sourcecode.swift; path = JobCollectionViewCell.swift; sourceTree = "<group>"; };
		6321FD8D24344C55007544DB /* ViewController.swift */ = {isa = PBXFileReference; lastKnownFileType = sourcecode.swift; path = ViewController.swift; sourceTree = "<group>"; };
		6321FD8F24344C60007544DB /* DetailsViewController.swift */ = {isa = PBXFileReference; lastKnownFileType = sourcecode.swift; path = DetailsViewController.swift; sourceTree = "<group>"; };
		6321FD9124344C71007544DB /* AddJobViewController.swift */ = {isa = PBXFileReference; lastKnownFileType = sourcecode.swift; path = AddJobViewController.swift; sourceTree = "<group>"; };
		63F373AA247376DF00526016 /* NetworkManager.swift */ = {isa = PBXFileReference; lastKnownFileType = sourcecode.swift; path = NetworkManager.swift; sourceTree = "<group>"; };
		9340D51C9DEF1469DD46995E /* Pods-Employ-Me.debug.xcconfig */ = {isa = PBXFileReference; includeInIndex = 1; lastKnownFileType = text.xcconfig; name = "Pods-Employ-Me.debug.xcconfig"; path = "Target Support Files/Pods-Employ-Me/Pods-Employ-Me.debug.xcconfig"; sourceTree = "<group>"; };
		D196F05601E841CE4CA57211 /* Pods_Employ_Me.framework */ = {isa = PBXFileReference; explicitFileType = wrapper.framework; includeInIndex = 0; path = Pods_Employ_Me.framework; sourceTree = BUILT_PRODUCTS_DIR; };
/* End PBXFileReference section */

/* Begin PBXFrameworksBuildPhase section */
		6321FD6F24344A73007544DB /* Frameworks */ = {
			isa = PBXFrameworksBuildPhase;
			buildActionMask = 2147483647;
			files = (
				4A307E75AAB1B226966CE1E1 /* Pods_Employ_Me.framework in Frameworks */,
			);
			runOnlyForDeploymentPostprocessing = 0;
		};
/* End PBXFrameworksBuildPhase section */

/* Begin PBXGroup section */
		5C3855C8445B785273E54845 /* Pods */ = {
			isa = PBXGroup;
			children = (
				9340D51C9DEF1469DD46995E /* Pods-Employ-Me.debug.xcconfig */,
				46E13A65069200C46A6DF07E /* Pods-Employ-Me.release.xcconfig */,
			);
			path = Pods;
			sourceTree = "<group>";
		};
		6321FD6924344A73007544DB = {
			isa = PBXGroup;
			children = (
				6321FD7424344A73007544DB /* Employ-Me */,
				6321FD7324344A73007544DB /* Products */,
				5C3855C8445B785273E54845 /* Pods */,
				8FBF1D4DED0E825E5DFEBD08 /* Frameworks */,
			);
			sourceTree = "<group>";
		};
		6321FD7324344A73007544DB /* Products */ = {
			isa = PBXGroup;
			children = (
				6321FD7224344A73007544DB /* Employ-Me.app */,
			);
			name = Products;
			sourceTree = "<group>";
		};
		6321FD7424344A73007544DB /* Employ-Me */ = {
			isa = PBXGroup;
			children = (
				6321FD7524344A73007544DB /* AppDelegate.swift */,
				6321FD8D24344C55007544DB /* ViewController.swift */,
				6321FD9124344C71007544DB /* AddJobViewController.swift */,
				6321FD8F24344C60007544DB /* DetailsViewController.swift */,
				6321FD8B24344C38007544DB /* JobCollectionViewCell.swift */,
				63F373AA247376DF00526016 /* NetworkManager.swift */,
				6321FD8924344C22007544DB /* Job.swift */,
				6321FD7B24344A76007544DB /* Assets.xcassets */,
				6321FD8024344A76007544DB /* LaunchScreen.storyboard */,
				6321FD8324344A76007544DB /* Info.plist */,
				6321FD7D24344A76007544DB /* Preview Content */,
			);
			path = "Employ-Me";
			sourceTree = "<group>";
		};
		6321FD7D24344A76007544DB /* Preview Content */ = {
			isa = PBXGroup;
			children = (
				6321FD7E24344A76007544DB /* Preview Assets.xcassets */,
			);
			path = "Preview Content";
			sourceTree = "<group>";
		};
		8FBF1D4DED0E825E5DFEBD08 /* Frameworks */ = {
			isa = PBXGroup;
			children = (
				D196F05601E841CE4CA57211 /* Pods_Employ_Me.framework */,
			);
			name = Frameworks;
			sourceTree = "<group>";
		};
/* End PBXGroup section */

/* Begin PBXNativeTarget section */
		6321FD7124344A73007544DB /* Employ-Me */ = {
			isa = PBXNativeTarget;
			buildConfigurationList = 6321FD8624344A76007544DB /* Build configuration list for PBXNativeTarget "Employ-Me" */;
			buildPhases = (
				6B4F6E69BDBAC8F8B724ABDE /* [CP] Check Pods Manifest.lock */,
				6321FD6E24344A73007544DB /* Sources */,
				6321FD6F24344A73007544DB /* Frameworks */,
				6321FD7024344A73007544DB /* Resources */,
				764C40B782B33B7A48748AEA /* [CP] Embed Pods Frameworks */,
			);
			buildRules = (
			);
			dependencies = (
			);
			name = "Employ-Me";
			productName = "Employ-Me";
			productReference = 6321FD7224344A73007544DB /* Employ-Me.app */;
			productType = "com.apple.product-type.application";
		};
/* End PBXNativeTarget section */

/* Begin PBXProject section */
		6321FD6A24344A73007544DB /* Project object */ = {
			isa = PBXProject;
			attributes = {
				LastSwiftUpdateCheck = 1110;
				LastUpgradeCheck = 1110;
				ORGANIZATIONNAME = "Morgan Belous";
				TargetAttributes = {
					6321FD7124344A73007544DB = {
						CreatedOnToolsVersion = 11.1;
					};
				};
			};
			buildConfigurationList = 6321FD6D24344A73007544DB /* Build configuration list for PBXProject "Employ-Me" */;
			compatibilityVersion = "Xcode 9.3";
			developmentRegion = en;
			hasScannedForEncodings = 0;
			knownRegions = (
				en,
				Base,
			);
			mainGroup = 6321FD6924344A73007544DB;
			productRefGroup = 6321FD7324344A73007544DB /* Products */;
			projectDirPath = "";
			projectRoot = "";
			targets = (
				6321FD7124344A73007544DB /* Employ-Me */,
			);
		};
/* End PBXProject section */

/* Begin PBXResourcesBuildPhase section */
		6321FD7024344A73007544DB /* Resources */ = {
			isa = PBXResourcesBuildPhase;
			buildActionMask = 2147483647;
			files = (
				6321FD8224344A76007544DB /* LaunchScreen.storyboard in Resources */,
				6321FD7F24344A76007544DB /* Preview Assets.xcassets in Resources */,
				6321FD7C24344A76007544DB /* Assets.xcassets in Resources */,
			);
			runOnlyForDeploymentPostprocessing = 0;
		};
/* End PBXResourcesBuildPhase section */

/* Begin PBXShellScriptBuildPhase section */
		6B4F6E69BDBAC8F8B724ABDE /* [CP] Check Pods Manifest.lock */ = {
			isa = PBXShellScriptBuildPhase;
			buildActionMask = 2147483647;
			files = (
			);
			inputFileListPaths = (
			);
			inputPaths = (
				"${PODS_PODFILE_DIR_PATH}/Podfile.lock",
				"${PODS_ROOT}/Manifest.lock",
			);
			name = "[CP] Check Pods Manifest.lock";
			outputFileListPaths = (
			);
			outputPaths = (
				"$(DERIVED_FILE_DIR)/Pods-Employ-Me-checkManifestLockResult.txt",
			);
			runOnlyForDeploymentPostprocessing = 0;
			shellPath = /bin/sh;
			shellScript = "diff \"${PODS_PODFILE_DIR_PATH}/Podfile.lock\" \"${PODS_ROOT}/Manifest.lock\" > /dev/null\nif [ $? != 0 ] ; then\n    # print error to STDERR\n    echo \"error: The sandbox is not in sync with the Podfile.lock. Run 'pod install' or update your CocoaPods installation.\" >&2\n    exit 1\nfi\n# This output is used by Xcode 'outputs' to avoid re-running this script phase.\necho \"SUCCESS\" > \"${SCRIPT_OUTPUT_FILE_0}\"\n";
			showEnvVarsInLog = 0;
		};
		764C40B782B33B7A48748AEA /* [CP] Embed Pods Frameworks */ = {
			isa = PBXShellScriptBuildPhase;
			buildActionMask = 2147483647;
			files = (
			);
			inputFileListPaths = (
				"${PODS_ROOT}/Target Support Files/Pods-Employ-Me/Pods-Employ-Me-frameworks-${CONFIGURATION}-input-files.xcfilelist",
			);
			name = "[CP] Embed Pods Frameworks";
			outputFileListPaths = (
				"${PODS_ROOT}/Target Support Files/Pods-Employ-Me/Pods-Employ-Me-frameworks-${CONFIGURATION}-output-files.xcfilelist",
			);
			runOnlyForDeploymentPostprocessing = 0;
			shellPath = /bin/sh;
			shellScript = "\"${PODS_ROOT}/Target Support Files/Pods-Employ-Me/Pods-Employ-Me-frameworks.sh\"\n";
			showEnvVarsInLog = 0;
		};
/* End PBXShellScriptBuildPhase section */

/* Begin PBXSourcesBuildPhase section */
		6321FD6E24344A73007544DB /* Sources */ = {
			isa = PBXSourcesBuildPhase;
			buildActionMask = 2147483647;
			files = (
				6321FD8C24344C38007544DB /* JobCollectionViewCell.swift in Sources */,
				6321FD7624344A73007544DB /* AppDelegate.swift in Sources */,
				6321FD8E24344C55007544DB /* ViewController.swift in Sources */,
				63F373AB247376DF00526016 /* NetworkManager.swift in Sources */,
				6321FD8A24344C22007544DB /* Job.swift in Sources */,
				6321FD9224344C71007544DB /* AddJobViewController.swift in Sources */,
				6321FD9024344C60007544DB /* DetailsViewController.swift in Sources */,
			);
			runOnlyForDeploymentPostprocessing = 0;
		};
/* End PBXSourcesBuildPhase section */

/* Begin PBXVariantGroup section */
		6321FD8024344A76007544DB /* LaunchScreen.storyboard */ = {
			isa = PBXVariantGroup;
			children = (
				6321FD8124344A76007544DB /* Base */,
			);
			name = LaunchScreen.storyboard;
			sourceTree = "<group>";
		};
/* End PBXVariantGroup section */

/* Begin XCBuildConfiguration section */
		6321FD8424344A76007544DB /* Debug */ = {
			isa = XCBuildConfiguration;
			buildSettings = {
				ALWAYS_SEARCH_USER_PATHS = NO;
				CLANG_ANALYZER_NONNULL = YES;
				CLANG_ANALYZER_NUMBER_OBJECT_CONVERSION = YES_AGGRESSIVE;
				CLANG_CXX_LANGUAGE_STANDARD = "gnu++14";
				CLANG_CXX_LIBRARY = "libc++";
				CLANG_ENABLE_MODULES = YES;
				CLANG_ENABLE_OBJC_ARC = YES;
				CLANG_ENABLE_OBJC_WEAK = YES;
				CLANG_WARN_BLOCK_CAPTURE_AUTORELEASING = YES;
				CLANG_WARN_BOOL_CONVERSION = YES;
				CLANG_WARN_COMMA = YES;
				CLANG_WARN_CONSTANT_CONVERSION = YES;
				CLANG_WARN_DEPRECATED_OBJC_IMPLEMENTATIONS = YES;
				CLANG_WARN_DIRECT_OBJC_ISA_USAGE = YES_ERROR;
				CLANG_WARN_DOCUMENTATION_COMMENTS = YES;
				CLANG_WARN_EMPTY_BODY = YES;
				CLANG_WARN_ENUM_CONVERSION = YES;
				CLANG_WARN_INFINITE_RECURSION = YES;
				CLANG_WARN_INT_CONVERSION = YES;
				CLANG_WARN_NON_LITERAL_NULL_CONVERSION = YES;
				CLANG_WARN_OBJC_IMPLICIT_RETAIN_SELF = YES;
				CLANG_WARN_OBJC_LITERAL_CONVERSION = YES;
				CLANG_WARN_OBJC_ROOT_CLASS = YES_ERROR;
				CLANG_WARN_RANGE_LOOP_ANALYSIS = YES;
				CLANG_WARN_STRICT_PROTOTYPES = YES;
				CLANG_WARN_SUSPICIOUS_MOVE = YES;
				CLANG_WARN_UNGUARDED_AVAILABILITY = YES_AGGRESSIVE;
				CLANG_WARN_UNREACHABLE_CODE = YES;
				CLANG_WARN__DUPLICATE_METHOD_MATCH = YES;
				COPY_PHASE_STRIP = NO;
				DEBUG_INFORMATION_FORMAT = dwarf;
				ENABLE_STRICT_OBJC_MSGSEND = YES;
				ENABLE_TESTABILITY = YES;
				GCC_C_LANGUAGE_STANDARD = gnu11;
				GCC_DYNAMIC_NO_PIC = NO;
				GCC_NO_COMMON_BLOCKS = YES;
				GCC_OPTIMIZATION_LEVEL = 0;
				GCC_PREPROCESSOR_DEFINITIONS = (
					"DEBUG=1",
					"$(inherited)",
				);
				GCC_WARN_64_TO_32_BIT_CONVERSION = YES;
				GCC_WARN_ABOUT_RETURN_TYPE = YES_ERROR;
				GCC_WARN_UNDECLARED_SELECTOR = YES;
				GCC_WARN_UNINITIALIZED_AUTOS = YES_AGGRESSIVE;
				GCC_WARN_UNUSED_FUNCTION = YES;
				GCC_WARN_UNUSED_VARIABLE = YES;
				IPHONEOS_DEPLOYMENT_TARGET = 13.1;
				MTL_ENABLE_DEBUG_INFO = INCLUDE_SOURCE;
				MTL_FAST_MATH = YES;
				ONLY_ACTIVE_ARCH = YES;
				SDKROOT = iphoneos;
				SWIFT_ACTIVE_COMPILATION_CONDITIONS = DEBUG;
				SWIFT_OPTIMIZATION_LEVEL = "-Onone";
			};
			name = Debug;
		};
		6321FD8524344A76007544DB /* Release */ = {
			isa = XCBuildConfiguration;
			buildSettings = {
				ALWAYS_SEARCH_USER_PATHS = NO;
				CLANG_ANALYZER_NONNULL = YES;
				CLANG_ANALYZER_NUMBER_OBJECT_CONVERSION = YES_AGGRESSIVE;
				CLANG_CXX_LANGUAGE_STANDARD = "gnu++14";
				CLANG_CXX_LIBRARY = "libc++";
				CLANG_ENABLE_MODULES = YES;
				CLANG_ENABLE_OBJC_ARC = YES;
				CLANG_ENABLE_OBJC_WEAK = YES;
				CLANG_WARN_BLOCK_CAPTURE_AUTORELEASING = YES;
				CLANG_WARN_BOOL_CONVERSION = YES;
				CLANG_WARN_COMMA = YES;
				CLANG_WARN_CONSTANT_CONVERSION = YES;
				CLANG_WARN_DEPRECATED_OBJC_IMPLEMENTATIONS = YES;
				CLANG_WARN_DIRECT_OBJC_ISA_USAGE = YES_ERROR;
				CLANG_WARN_DOCUMENTATION_COMMENTS = YES;
				CLANG_WARN_EMPTY_BODY = YES;
				CLANG_WARN_ENUM_CONVERSION = YES;
				CLANG_WARN_INFINITE_RECURSION = YES;
				CLANG_WARN_INT_CONVERSION = YES;
				CLANG_WARN_NON_LITERAL_NULL_CONVERSION = YES;
				CLANG_WARN_OBJC_IMPLICIT_RETAIN_SELF = YES;
				CLANG_WARN_OBJC_LITERAL_CONVERSION = YES;
				CLANG_WARN_OBJC_ROOT_CLASS = YES_ERROR;
				CLANG_WARN_RANGE_LOOP_ANALYSIS = YES;
				CLANG_WARN_STRICT_PROTOTYPES = YES;
				CLANG_WARN_SUSPICIOUS_MOVE = YES;
				CLANG_WARN_UNGUARDED_AVAILABILITY = YES_AGGRESSIVE;
				CLANG_WARN_UNREACHABLE_CODE = YES;
				CLANG_WARN__DUPLICATE_METHOD_MATCH = YES;
				COPY_PHASE_STRIP = NO;
				DEBUG_INFORMATION_FORMAT = "dwarf-with-dsym";
				ENABLE_NS_ASSERTIONS = NO;
				ENABLE_STRICT_OBJC_MSGSEND = YES;
				GCC_C_LANGUAGE_STANDARD = gnu11;
				GCC_NO_COMMON_BLOCKS = YES;
				GCC_WARN_64_TO_32_BIT_CONVERSION = YES;
				GCC_WARN_ABOUT_RETURN_TYPE = YES_ERROR;
				GCC_WARN_UNDECLARED_SELECTOR = YES;
				GCC_WARN_UNINITIALIZED_AUTOS = YES_AGGRESSIVE;
				GCC_WARN_UNUSED_FUNCTION = YES;
				GCC_WARN_UNUSED_VARIABLE = YES;
				IPHONEOS_DEPLOYMENT_TARGET = 13.1;
				MTL_ENABLE_DEBUG_INFO = NO;
				MTL_FAST_MATH = YES;
				SDKROOT = iphoneos;
				SWIFT_COMPILATION_MODE = wholemodule;
				SWIFT_OPTIMIZATION_LEVEL = "-O";
				VALIDATE_PRODUCT = YES;
			};
			name = Release;
		};
		6321FD8724344A76007544DB /* Debug */ = {
			isa = XCBuildConfiguration;
			baseConfigurationReference = 9340D51C9DEF1469DD46995E /* Pods-Employ-Me.debug.xcconfig */;
			buildSettings = {
				ASSETCATALOG_COMPILER_APPICON_NAME = AppIcon;
				CODE_SIGN_STYLE = Automatic;
				DEVELOPMENT_ASSET_PATHS = "\"Employ-Me/Preview Content\"";
				ENABLE_PREVIEWS = YES;
				INFOPLIST_FILE = "Employ-Me/Info.plist";
				LD_RUNPATH_SEARCH_PATHS = (
					"$(inherited)",
					"@executable_path/Frameworks",
				);
				PRODUCT_BUNDLE_IDENTIFIER = "Morgan-Belous.Employ-Me";
				PRODUCT_NAME = "$(TARGET_NAME)";
				SWIFT_VERSION = 5.0;
				TARGETED_DEVICE_FAMILY = "1,2";
			};
			name = Debug;
		};
		6321FD8824344A76007544DB /* Release */ = {
			isa = XCBuildConfiguration;
			baseConfigurationReference = 46E13A65069200C46A6DF07E /* Pods-Employ-Me.release.xcconfig */;
			buildSettings = {
				ASSETCATALOG_COMPILER_APPICON_NAME = AppIcon;
				CODE_SIGN_STYLE = Automatic;
				DEVELOPMENT_ASSET_PATHS = "\"Employ-Me/Preview Content\"";
				ENABLE_PREVIEWS = YES;
				INFOPLIST_FILE = "Employ-Me/Info.plist";
				LD_RUNPATH_SEARCH_PATHS = (
					"$(inherited)",
					"@executable_path/Frameworks",
				);
				PRODUCT_BUNDLE_IDENTIFIER = "Morgan-Belous.Employ-Me";
				PRODUCT_NAME = "$(TARGET_NAME)";
				SWIFT_VERSION = 5.0;
				TARGETED_DEVICE_FAMILY = "1,2";
			};
			name = Release;
		};
/* End XCBuildConfiguration section */

/* Begin XCConfigurationList section */
		6321FD6D24344A73007544DB /* Build configuration list for PBXProject "Employ-Me" */ = {
			isa = XCConfigurationList;
			buildConfigurations = (
				6321FD8424344A76007544DB /* Debug */,
				6321FD8524344A76007544DB /* Release */,
			);
			defaultConfigurationIsVisible = 0;
			defaultConfigurationName = Release;
		};
		6321FD8624344A76007544DB /* Build configuration list for PBXNativeTarget "Employ-Me" */ = {
			isa = XCConfigurationList;
			buildConfigurations = (
				6321FD8724344A76007544DB /* Debug */,
				6321FD8824344A76007544DB /* Release */,
			);
			defaultConfigurationIsVisible = 0;
			defaultConfigurationName = Release;
		};
/* End XCConfigurationList section */
	};
	rootObject = 6321FD6A24344A73007544DB /* Project object */;
}
